{
  "originHash" : "e8f130fe30ac6cdc940ef06ee1e8535e9f46ffee6aeead1722b9525562f6ce08",
  "pins" : [
    {
      "identity" : "alamofire",
      "kind" : "remoteSourceControl",
      "location" : "https://github.com/Alamofire/Alamofire.git",
      "state" : {
        "branch" : "master",
        "revision" : "2e7a741fc2af29bd833eddd45ee8c461987ff250"
      }
    }
  ],
  "version" : 3
}
